{
  "version": 4,
  "terraform_version": "1.3.4",
  "serial": 5,
  "lineage": "0dc31fe7-a211-ec74-7aaa-68f2f25bf1eb",
  "outputs": {
    "id": {
      "value": "projects/priv-host-lw/locations/europe-west2-c/endpoints/ids-ep-lw-tf",
      "type": "string"
    },
    "lb_address": {
      "value": "https://www.googleapis.com/compute/v1/projects/i239a7987ddfccd9dp-tp/regions/europe-west2/forwardingRules/ids-fr-ids-ep-dj2fmsndmyymch5m",
      "type": "string"
    },
    "network": {
      "value": "shd-vpc-lw",
      "type": "string"
    }
  },
  "resources": [
    {
      "mode": "managed",
      "type": "google_cloud_ids_endpoint",
      "name": "example-endpoint",
      "provider": "provider[\"registry.terraform.io/hashicorp/google\"]",
      "instances": [
        {
          "schema_version": 0,
          "attributes": {
            "create_time": "2022-12-01T13:08:18.979700625Z",
            "description": "",
            "endpoint_forwarding_rule": "https://www.googleapis.com/compute/v1/projects/i239a7987ddfccd9dp-tp/regions/europe-west2/forwardingRules/ids-fr-ids-ep-dj2fmsndmyymch5m",
            "endpoint_ip": "10.73.56.43",
            "id": "projects/priv-host-lw/locations/europe-west2-c/endpoints/ids-ep-lw-tf",
            "location": "europe-west2-c",
            "name": "ids-ep-lw-tf",
            "network": "shd-vpc-lw",
            "project": "priv-host-lw",
            "severity": "INFORMATIONAL",
            "timeouts": null,
            "update_time": "2022-12-01T13:21:26.241539915Z"
          },
          "sensitive_attributes": [],
          "private": "eyJlMmJmYjczMC1lY2FhLTExZTYtOGY4OC0zNDM2M2JjN2M0YzAiOnsiY3JlYXRlIjoxMjAwMDAwMDAwMDAwLCJkZWxldGUiOjEyMDAwMDAwMDAwMDB9fQ=="
        }
      ]
    }
  ],
  "check_results": null
}
