{
  "version": 4,
  "terraform_version": "1.4.4",
  "serial": 3,
  "lineage": "8d6a11c6-2753-0a75-665b-43bc17316245",
  "outputs": {},
  "resources": [
    {
      "module": "module.vm_and_vpc",
      "mode": "managed",
      "type": "google_compute_network",
      "name": "vpc_network",
      "provider": "provider[\"registry.terraform.io/hashicorp/google\"]",
      "instances": [
        {
          "schema_version": 0,
          "attributes": {
            "auto_create_subnetworks": true,
            "delete_default_routes_on_create": false,
            "description": "",
            "enable_ula_internal_ipv6": false,
            "gateway_ipv4": "",
            "id": "projects/nw-on-prem-lab/global/networks/new-vpc-terraform",
            "internal_ipv6_range": "",
            "mtu": 0,
            "name": "new-vpc-terraform",
            "network_firewall_policy_enforcement_order": "BEFORE_CLASSIC_FIREWALL",
            "project": "nw-on-prem-lab",
            "routing_mode": "REGIONAL",
            "self_link": "https://www.googleapis.com/compute/v1/projects/nw-on-prem-lab/global/networks/new-vpc-terraform",
            "timeouts": null
          },
          "sensitive_attributes": [],
          "private": "eyJlMmJmYjczMC1lY2FhLTExZTYtOGY4OC0zNDM2M2JjN2M0YzAiOnsiY3JlYXRlIjoxMjAwMDAwMDAwMDAwLCJkZWxldGUiOjEyMDAwMDAwMDAwMDAsInVwZGF0ZSI6MTIwMDAwMDAwMDAwMH19"
        }
      ]
    }
  ],
  "check_results": null
}
